
Microsoft Visual Studio Solution File, Format Version 12.00
# Visual Studio 15
VisualStudioVersion = 15.0.28307.1082
MinimumVisualStudioVersion = 10.0.40219.1
Project("{FAE04EC0-301F-11D3-BF4B-00C04F79EFBC}") = "CMS_1.0", "CMS_1.0\CMS_1.0.csproj", "{D484E377-45C0-4191-BD02-13DA6D5F5509}"
EndProject
Global
	GlobalSection(SolutionConfigurationPlatforms) = preSolution
		Debug|Any CPU = Debug|Any CPU
		Release|Any CPU = Release|Any CPU
	EndGlobalSection
	GlobalSection(ProjectConfigurationPlatforms) = postSolution
		{D484E377-45C0-4191-BD02-13DA6D5F5509}.Debug|Any CPU.ActiveCfg = Debug|Any CPU
		{D484E377-45C0-4191-BD02-13DA6D5F5509}.Debug|Any CPU.Build.0 = Debug|Any CPU
		{D484E377-45C0-4191-BD02-13DA6D5F5509}.Release|Any CPU.ActiveCfg = Release|Any CPU
		{D484E377-45C0-4191-BD02-13DA6D5F5509}.Release|Any CPU.Build.0 = Release|Any CPU
	EndGlobalSection
	GlobalSection(SolutionProperties) = preSolution
		HideSolutionNode = FALSE
	EndGlobalSection
	GlobalSection(ExtensibilityGlobals) = postSolution
		SolutionGuid = {B4129E50-19F2-4E36-975D-C363E82C7A1F}
	EndGlobalSection
EndGlobal
